
Microsoft Visual Studio Solution File, Format Version 12.00
# Visual Studio 15
VisualStudioVersion = 15.0.27004.2006
MinimumVisualStudioVersion = 10.0.40219.1
Project("{8BC9CEB8-8B4A-11D0-8D11-00A0C91BC942}") = "Segmentacion", "Segmentacion\Segmentacion.vcxproj", "{86D10EB3-A6B6-4328-9486-7C06D9A2C9F6}"
EndProject
Global
	GlobalSection(SolutionConfigurationPlatforms) = preSolution
		Debug|x64 = Debug|x64
		Debug|x86 = Debug|x86
		Release|x64 = Release|x64
		Release|x86 = Release|x86
	EndGlobalSection
	GlobalSection(ProjectConfigurationPlatforms) = postSolution
		{86D10EB3-A6B6-4328-9486-7C06D9A2C9F6}.Debug|x64.ActiveCfg = Debug|x64
		{86D10EB3-A6B6-4328-9486-7C06D9A2C9F6}.Debug|x64.Build.0 = Debug|x64
		{86D10EB3-A6B6-4328-9486-7C06D9A2C9F6}.Debug|x86.ActiveCfg = Debug|Win32
		{86D10EB3-A6B6-4328-9486-7C06D9A2C9F6}.Debug|x86.Build.0 = Debug|Win32
		{86D10EB3-A6B6-4328-9486-7C06D9A2C9F6}.Release|x64.ActiveCfg = Release|x64
		{86D10EB3-A6B6-4328-9486-7C06D9A2C9F6}.Release|x64.Build.0 = Release|x64
		{86D10EB3-A6B6-4328-9486-7C06D9A2C9F6}.Release|x86.ActiveCfg = Release|Win32
		{86D10EB3-A6B6-4328-9486-7C06D9A2C9F6}.Release|x86.Build.0 = Release|Win32
	EndGlobalSection
	GlobalSection(SolutionProperties) = preSolution
		HideSolutionNode = FALSE
	EndGlobalSection
	GlobalSection(ExtensibilityGlobals) = postSolution
		SolutionGuid = {07A99D8D-D15A-4BF7-847C-7DED5E5C6FA2}
	EndGlobalSection
EndGlobal
